
Microsoft Visual Studio Solution File, Format Version 12.00
# Visual Studio 15
VisualStudioVersion = 15.0.28307.960
MinimumVisualStudioVersion = 10.0.40219.1
Project("{FAE04EC0-301F-11D3-BF4B-00C04F79EFBC}") = "IBanking.Api", "IBanking.Api\IBanking.Api.csproj", "{D25A605E-82AA-438E-8AE1-8775A5CDA49A}"
EndProject
Global
	GlobalSection(SolutionConfigurationPlatforms) = preSolution
		Debug|Any CPU = Debug|Any CPU
		Release|Any CPU = Release|Any CPU
	EndGlobalSection
	GlobalSection(ProjectConfigurationPlatforms) = postSolution
		{D25A605E-82AA-438E-8AE1-8775A5CDA49A}.Debug|Any CPU.ActiveCfg = Debug|Any CPU
		{D25A605E-82AA-438E-8AE1-8775A5CDA49A}.Debug|Any CPU.Build.0 = Debug|Any CPU
		{D25A605E-82AA-438E-8AE1-8775A5CDA49A}.Release|Any CPU.ActiveCfg = Release|Any CPU
		{D25A605E-82AA-438E-8AE1-8775A5CDA49A}.Release|Any CPU.Build.0 = Release|Any CPU
	EndGlobalSection
	GlobalSection(SolutionProperties) = preSolution
		HideSolutionNode = FALSE
	EndGlobalSection
	GlobalSection(ExtensibilityGlobals) = postSolution
		SolutionGuid = {001CDAE7-079E-4B2D-9A48-65F64335347F}
	EndGlobalSection
EndGlobal
